
Microsoft Visual Studio Solution File, Format Version 12.00
Project("{FAE04EC0-301F-11D3-BF4B-00C04F79EFBC}") = "YoutubeVideoDownloader", "YoutubeVideoDownloader\YoutubeVideoDownloader.csproj", "{69E9B4DE-CD8C-4BF2-A8D7-449ADDA15E09}"
EndProject
Global
	GlobalSection(SolutionConfigurationPlatforms) = preSolution
		Debug|Any CPU = Debug|Any CPU
		Release|Any CPU = Release|Any CPU
	EndGlobalSection
	GlobalSection(ProjectConfigurationPlatforms) = postSolution
		{69E9B4DE-CD8C-4BF2-A8D7-449ADDA15E09}.Debug|Any CPU.ActiveCfg = Debug|Any CPU
		{69E9B4DE-CD8C-4BF2-A8D7-449ADDA15E09}.Debug|Any CPU.Build.0 = Debug|Any CPU
		{69E9B4DE-CD8C-4BF2-A8D7-449ADDA15E09}.Release|Any CPU.ActiveCfg = Release|Any CPU
		{69E9B4DE-CD8C-4BF2-A8D7-449ADDA15E09}.Release|Any CPU.Build.0 = Release|Any CPU
	EndGlobalSection
EndGlobal
